[[package]]
category = "dev"
description = "A small Python module for determining appropriate platform-specific dirs, e.g. a \"user data dir\"."
name = "appdirs"
optional = false
python-versions = "*"
version = "1.4.4"

[[package]]
category = "dev"
description = "Atomic file writes."
marker = "sys_platform == \"win32\""
name = "atomicwrites"
optional = false
python-versions = ">=2.7, !=3.0.*, !=3.1.*, !=3.2.*, !=3.3.*"
version = "1.4.0"

[[package]]
category = "dev"
description = "Classes Without Boilerplate"
name = "attrs"
optional = false
python-versions = ">=2.7, !=3.0.*, !=3.1.*, !=3.2.*, !=3.3.*"
version = "20.3.0"

[[package]]
category = "dev"
description = "The uncompromising code formatter."
name = "black"
optional = false
python-versions = ">=3.6"
version = "18.9b0"

[package.dependencies]
appdirs = "*"
attrs = ">=17.4.0"
click = ">=6.5"
toml = ">=0.9.4"

[[package]]
category = "main"
description = "Python package for providing Mozilla's CA Bundle."
name = "certifi"
optional = false
python-versions = "*"
version = "2020.12.5"

[[package]]
category = "main"
description = "Universal encoding detector for Python 2 and 3"
name = "chardet"
optional = false
python-versions = ">=2.7, !=3.0.*, !=3.1.*, !=3.2.*, !=3.3.*, !=3.4.*"
version = "4.0.0"

[[package]]
category = "dev"
description = "Composable command line interface toolkit"
name = "click"
optional = false
python-versions = ">=2.7, !=3.0.*, !=3.1.*, !=3.2.*, !=3.3.*, !=3.4.*"
version = "7.1.2"

[[package]]
category = "dev"
description = "Cross-platform colored terminal text."
marker = "sys_platform == \"win32\""
name = "colorama"
optional = false
python-versions = ">=2.7, !=3.0.*, !=3.1.*, !=3.2.*, !=3.3.*, !=3.4.*"
version = "0.4.4"

[[package]]
category = "dev"
description = "the modular source code checker: pep8 pyflakes and co"
name = "flake8"
optional = false
python-versions = "!=3.0.*,!=3.1.*,!=3.2.*,!=3.3.*,!=3.4.*,>=2.7"
version = "3.9.1"

[package.dependencies]
mccabe = ">=0.6.0,<0.7.0"
pycodestyle = ">=2.7.0,<2.8.0"
pyflakes = ">=2.3.0,<2.4.0"

[package.dependencies.importlib-metadata]
python = "<3.8"
version = "*"

[[package]]
category = "main"
description = "Internationalized Domain Names in Applications (IDNA)"
name = "idna"
optional = false
python-versions = ">=2.7, !=3.0.*, !=3.1.*, !=3.2.*, !=3.3.*"
version = "2.10"

[[package]]
category = "dev"
description = "Read metadata from Python packages"
marker = "python_version < \"3.8\""
name = "importlib-metadata"
optional = false
python-versions = ">=3.6"
version = "4.0.1"

[package.dependencies]
zipp = ">=0.5"

[package.dependencies.typing-extensions]
python = "<3.8"
version = ">=3.6.4"

[[package]]
category = "dev"
description = "iniconfig: brain-dead simple config-ini parsing"
name = "iniconfig"
optional = false
python-versions = "*"
version = "1.1.1"

[[package]]
category = "dev"
description = "McCabe checker, plugin for flake8"
name = "mccabe"
optional = false
python-versions = "*"
version = "0.6.1"

[[package]]
category = "dev"
description = "Rolling backport of unittest.mock for all Pythons"
name = "mock"
optional = false
python-versions = ">=3.6"
version = "4.0.3"

[[package]]
category = "dev"
description = "Optional static typing for Python"
name = "mypy"
optional = false
python-versions = ">=3.5"
version = "0.812"

[package.dependencies]
mypy-extensions = ">=0.4.3,<0.5.0"
typed-ast = ">=1.4.0,<1.5.0"
typing-extensions = ">=3.7.4"

[[package]]
category = "dev"
description = "Experimental type system extensions for programs checked with the mypy typechecker."
name = "mypy-extensions"
optional = false
python-versions = "*"
version = "0.4.3"

[[package]]
category = "dev"
description = "Core utilities for Python packages"
name = "packaging"
optional = false
python-versions = ">=2.7, !=3.0.*, !=3.1.*, !=3.2.*, !=3.3.*"
version = "20.9"

[package.dependencies]
pyparsing = ">=2.0.2"

[[package]]
category = "dev"
description = "plugin and hook calling mechanisms for python"
name = "pluggy"
optional = false
python-versions = ">=2.7, !=3.0.*, !=3.1.*, !=3.2.*, !=3.3.*"
version = "0.13.1"

[package.dependencies]
[package.dependencies.importlib-metadata]
python = "<3.8"
version = ">=0.12"

[[package]]
category = "dev"
description = "library with cross-python path, ini-parsing, io, code, log facilities"
name = "py"
optional = false
python-versions = ">=2.7, !=3.0.*, !=3.1.*, !=3.2.*, !=3.3.*"
version = "1.10.0"

[[package]]
category = "dev"
description = "Python style guide checker"
name = "pycodestyle"
optional = false
python-versions = ">=2.7, !=3.0.*, !=3.1.*, !=3.2.*, !=3.3.*"
version = "2.7.0"

[[package]]
category = "dev"
description = "passive checker of Python programs"
name = "pyflakes"
optional = false
python-versions = ">=2.7, !=3.0.*, !=3.1.*, !=3.2.*, !=3.3.*"
version = "2.3.1"

[[package]]
category = "dev"
description = "Python parsing module"
name = "pyparsing"
optional = false
python-versions = ">=2.6, !=3.0.*, !=3.1.*, !=3.2.*"
version = "2.4.7"

[[package]]
category = "dev"
description = "pytest: simple powerful testing with Python"
name = "pytest"
optional = false
python-versions = ">=3.6"
version = "6.2.3"

[package.dependencies]
atomicwrites = ">=1.0"
attrs = ">=19.2.0"
colorama = "*"
iniconfig = "*"
packaging = "*"
pluggy = ">=0.12,<1.0.0a1"
py = ">=1.8.2"
toml = "*"

[package.dependencies.importlib-metadata]
python = "<3.8"
version = ">=0.12"

[[package]]
category = "dev"
description = "Pytest plugin for testing console scripts"
name = "pytest-console-scripts"
optional = false
python-versions = "*"
version = "1.2.0"

[package.dependencies]
mock = ">=2.0.0"
pytest = ">=4.0.0"

[[package]]
category = "dev"
description = "pytest-httpserver is a httpserver for pytest"
name = "pytest-httpserver"
optional = false
python-versions = ">=3.4"
version = "1.0.0"

[package.dependencies]
werkzeug = "*"

[[package]]
category = "main"
description = "Python HTTP for Humans."
name = "requests"
optional = false
python-versions = ">=2.7, !=3.0.*, !=3.1.*, !=3.2.*, !=3.3.*, !=3.4.*"
version = "2.25.1"

[package.dependencies]
certifi = ">=2017.4.17"
chardet = ">=3.0.2,<5"
idna = ">=2.5,<3"
urllib3 = ">=1.21.1,<1.27"

[[package]]
category = "dev"
description = "Python Library for Tom's Obvious, Minimal Language"
name = "toml"
optional = false
python-versions = ">=2.6, !=3.0.*, !=3.1.*, !=3.2.*"
version = "0.10.2"

[[package]]
category = "dev"
description = "a fork of Python 2 and 3 ast modules with type comment support"
name = "typed-ast"
optional = false
python-versions = "*"
version = "1.4.3"

[[package]]
category = "dev"
description = "Backported and Experimental Type Hints for Python 3.5+"
name = "typing-extensions"
optional = false
python-versions = "*"
version = "3.7.4.3"

[[package]]
category = "main"
description = "HTTP library with thread-safe connection pooling, file post, and more."
name = "urllib3"
optional = false
python-versions = "*"
version = "1.22"

[[package]]
category = "dev"
description = "The comprehensive WSGI web application library."
name = "werkzeug"
optional = false
python-versions = ">=2.7, !=3.0.*, !=3.1.*, !=3.2.*, !=3.3.*, !=3.4.*"
version = "1.0.1"

[[package]]
category = "dev"
description = "Backport of pathlib-compatible object wrapper for zip files"
marker = "python_version < \"3.8\""
name = "zipp"
optional = false
python-versions = ">=3.6"
version = "3.4.1"

[metadata]
content-hash = "3c15f5025372e6aa3783b705903df266600b13f8a91639391f3c71e76ffd26b7"
python-versions = ">=3.6.0"

[metadata.hashes]
appdirs = ["7d5d0167b2b1ba821647616af46a749d1c653740dd0d2415100fe26e27afdf41", "a841dacd6b99318a741b166adb07e19ee71a274450e68237b4650ca1055ab128"]
atomicwrites = ["6d1784dea7c0c8d4a5172b6c620f40b6e4cbfdf96d783691f2e1302a7b88e197", "ae70396ad1a434f9c7046fd2dd196fc04b12f9e91ffb859164193be8b6168a7a"]
attrs = ["31b2eced602aa8423c2aea9c76a724617ed67cf9513173fd3a4f03e3a929c7e6", "832aa3cde19744e49938b91fea06d69ecb9e649c93ba974535d08ad92164f700"]
black = ["817243426042db1d36617910df579a54f1afd659adb96fc5032fcf4b36209739", "e030a9a28f542debc08acceb273f228ac422798e5215ba2a791a6ddeaaca22a5"]
certifi = ["1a4995114262bffbc2413b159f2a1a480c969de6e6eb13ee966d470af86af59c", "719a74fb9e33b9bd44cc7f3a8d94bc35e4049deebe19ba7d8e108280cfd59830"]
chardet = ["0d6f53a15db4120f2b08c94f11e7d93d2c911ee118b6b30a04ec3ee8310179fa", "f864054d66fd9118f2e67044ac8981a54775ec5b67aed0441892edb553d21da5"]
click = ["d2b5255c7c6349bc1bd1e59e08cd12acbbd63ce649f2588755783aa94dfb6b1a", "dacca89f4bfadd5de3d7489b7c8a566eee0d3676333fbb50030263894c38c0dc"]
colorama = ["5941b2b48a20143d2267e95b1c2a7603ce057ee39fd88e7329b0c292aa16869b", "9f47eda37229f68eee03b24b9748937c7dc3868f906e8ba69fbcbdd3bc5dc3e2"]
flake8 = ["1aa8990be1e689d96c745c5682b687ea49f2e05a443aff1f8251092b0014e378", "3b9f848952dddccf635be78098ca75010f073bfe14d2c6bda867154bea728d2a"]
idna = ["b307872f855b18632ce0c21c5e45be78c0ea7ae4c15c828c20788b26921eb3f6", "b97d804b1e9b523befed77c48dacec60e6dcb0b5391d57af6a65a312a90648c0"]
importlib-metadata = ["8c501196e49fb9df5df43833bdb1e4328f64847763ec8a50703148b73784d581", "d7eb1dea6d6a6086f8be21784cc9e3bcfa55872b52309bc5fad53a8ea444465d"]
iniconfig = ["011e24c64b7f47f6ebd835bb12a743f2fbe9a26d4cecaa7f53bc4f35ee9da8b3", "bc3af051d7d14b2ee5ef9969666def0cd1a000e121eaea580d4a313df4b37f32"]
mccabe = ["ab8a6258860da4b6677da4bd2fe5dc2c659cff31b3ee4f7f5d64e79735b80d42", "dd8d182285a0fe56bace7f45b5e7d1a6ebcbf524e8f3bd87eb0f125271b8831f"]
mock = ["122fcb64ee37cfad5b3f48d7a7d51875d7031aaf3d8be7c42e2bee25044eee62", "7d3fbbde18228f4ff2f1f119a45cdffa458b4c0dee32eb4d2bb2f82554bac7bc"]
mypy = ["0d0a87c0e7e3a9becdfbe936c981d32e5ee0ccda3e0f07e1ef2c3d1a817cf73e", "25adde9b862f8f9aac9d2d11971f226bd4c8fbaa89fb76bdadb267ef22d10064", "28fb5479c494b1bab244620685e2eb3c3f988d71fd5d64cc753195e8ed53df7c", "2f9b3407c58347a452fc0736861593e105139b905cca7d097e413453a1d650b4", "33f159443db0829d16f0a8d83d94df3109bb6dd801975fe86bacb9bf71628e97", "3f2aca7f68580dc2508289c729bd49ee929a436208d2b2b6aab15745a70a57df", "499c798053cdebcaa916eef8cd733e5584b5909f789de856b482cd7d069bdad8", "4eec37370483331d13514c3f55f446fc5248d6373e7029a29ecb7b7494851e7a", "552a815579aa1e995f39fd05dde6cd378e191b063f031f2acfe73ce9fb7f9e56", "5873888fff1c7cf5b71efbe80e0e73153fe9212fafdf8e44adfe4c20ec9f82d7", "61a3d5b97955422964be6b3baf05ff2ce7f26f52c85dd88db11d5e03e146a3a6", "674e822aa665b9fd75130c6c5f5ed9564a38c6cea6a6432ce47eafb68ee578c5", "7ce3175801d0ae5fdfa79b4f0cfed08807af4d075b402b7e294e6aa72af9aa2a", "9743c91088d396c1a5a3c9978354b61b0382b4e3c440ce83cf77994a43e8c521", "9f94aac67a2045ec719ffe6111df543bac7874cee01f41928f6969756e030564", "a26f8ec704e5a7423c8824d425086705e381b4f1dfdef6e3a1edab7ba174ec49", "abf7e0c3cf117c44d9285cc6128856106183938c68fd4944763003decdcfeb66", "b09669bcda124e83708f34a94606e01b614fa71931d356c1f1a5297ba11f110a", "cd07039aa5df222037005b08fbbfd69b3ab0b0bd7a07d7906de75ae52c4e3119", "d23e0ea196702d918b60c8288561e722bf437d82cb7ef2edcd98cfa38905d506", "d65cc1df038ef55a99e617431f0553cd77763869eebdf9042403e16089fe746c", "d7da2e1d5f558c37d6e8c1246f1aec1e7349e4913d8fb3cb289a35de573fe2eb"]
mypy-extensions = ["090fedd75945a69ae91ce1303b5824f428daf5a028d2f6ab8a299250a846f15d", "2d82818f5bb3e369420cb3c4060a7970edba416647068eb4c5343488a6c604a8"]
packaging = ["5b327ac1320dc863dca72f4514ecc086f31186744b84a230374cc1fd776feae5", "67714da7f7bc052e064859c05c595155bd1ee9f69f76557e21f051443c20947a"]
pluggy = ["15b2acde666561e1298d71b523007ed7364de07029219b604cf808bfa1c765b0", "966c145cd83c96502c3c3868f50408687b38434af77734af1e9ca461a4081d2d"]
py = ["21b81bda15b66ef5e1a777a21c4dcd9c20ad3efd0b3f817e7a809035269e1bd3", "3b80836aa6d1feeaa108e046da6423ab8f6ceda6468545ae8d02d9d58d18818a"]
pycodestyle = ["514f76d918fcc0b55c6680472f0a37970994e07bbb80725808c17089be302068", "c389c1d06bf7904078ca03399a4816f974a1d590090fecea0c63ec26ebaf1cef"]
pyflakes = ["7893783d01b8a89811dd72d7dfd4d84ff098e5eed95cfa8905b22bbffe52efc3", "f5bc8ecabc05bb9d291eb5203d6810b49040f6ff446a756326104746cc00c1db"]
pyparsing = ["c203ec8783bf771a155b207279b9bccb8dea02d8f0c9e5f8ead507bc3246ecc1", "ef9d7589ef3c200abe66653d3f1ab1033c3c419ae9b9bdb1240a85b024efc88b"]
pytest = ["671238a46e4df0f3498d1c3270e5deb9b32d25134c99b7d75370a68cfbe9b634", "6ad9c7bdf517a808242b998ac20063c41532a570d088d77eec1ee12b0b5574bc"]
pytest-console-scripts = ["4a2138d7d567bc581fe081b6a5975849a2a36b3925cb0f066d2380103e13741c"]
pytest-httpserver = ["32cb2befbc519eb2b5907b772809600b470ef83a20e6d78613210debec4b0ba0", "ae3095d134d40602e95721140e222139da4a579956123990af85825324d0746d"]
requests = ["27973dd4a904a4f13b263a19c866c13b92a39ed1c964655f025f3f8d3d75b804", "c210084e36a42ae6b9219e00e48287def368a26d03a048ddad7bfee44f75871e"]
toml = ["806143ae5bfb6a3c6e736a764057db0e6a0e05e338b5630894a5f779cabb4f9b", "b3bda1d108d5dd99f4a20d24d9c348e91c4db7ab1b749200bded2f839ccbe68f"]
typed-ast = ["01ae5f73431d21eead5015997ab41afa53aa1fbe252f9da060be5dad2c730ace", "067a74454df670dcaa4e59349a2e5c81e567d8d65458d480a5b3dfecec08c5ff", "0fb71b8c643187d7492c1f8352f2c15b4c4af3f6338f21681d3681b3dc31a266", "1b3ead4a96c9101bef08f9f7d1217c096f31667617b58de957f690c92378b528", "2068531575a125b87a41802130fa7e29f26c09a2833fea68d9a40cf33902eba6", "209596a4ec71d990d71d5e0d312ac935d86930e6eecff6ccc7007fe54d703808", "2c726c276d09fc5c414693a2de063f521052d9ea7c240ce553316f70656c84d4", "398e44cd480f4d2b7ee8d98385ca104e35c81525dd98c519acff1b79bdaac363", "52b1eb8c83f178ab787f3a4283f68258525f8d70f778a2f6dd54d3b5e5fb4341", "5feca99c17af94057417d744607b82dd0a664fd5e4ca98061480fd8b14b18d04", "7538e495704e2ccda9b234b82423a4038f324f3a10c43bc088a1636180f11a41", "760ad187b1041a154f0e4d0f6aae3e40fdb51d6de16e5c99aedadd9246450e9e", "777a26c84bea6cd934422ac2e3b78863a37017618b6e5c08f92ef69853e765d3", "95431a26309a21874005845c21118c83991c63ea800dd44843e42a916aec5899", "9ad2c92ec681e02baf81fdfa056fe0d818645efa9af1f1cd5fd6f1bd2bdfd805", "9c6d1a54552b5330bc657b7ef0eae25d00ba7ffe85d9ea8ae6540d2197a3788c", "aee0c1256be6c07bd3e1263ff920c325b59849dc95392a05f258bb9b259cf39c", "af3d4a73793725138d6b334d9d247ce7e5f084d96284ed23f22ee626a7b88e39", "b36b4f3920103a25e1d5d024d155c504080959582b928e91cb608a65c3a49e1a", "b9574c6f03f685070d859e75c7f9eeca02d6933273b5e69572e5ff9d5e3931c3", "bff6ad71c81b3bba8fa35f0f1921fb24ff4476235a6e94a26ada2e54370e6da7", "c190f0899e9f9f8b6b7863debfb739abcb21a5c054f911ca3596d12b8a4c4c7f", "c907f561b1e83e93fad565bac5ba9c22d96a54e7ea0267c708bffe863cbe4075", "cae53c389825d3b46fb37538441f75d6aecc4174f615d048321b716df2757fb0", "dd4a21253f42b8d2b48410cb31fe501d32f8b9fbeb1f55063ad102fe9c425e40", "dde816ca9dac1d9c01dd504ea5967821606f02e510438120091b84e852367428", "f2362f3cb0f3172c42938946dbc5b7843c2a28aec307c49100c8b38764eb6927", "f328adcfebed9f11301eaedfa48e15bdece9b519fb27e6a8c01aa52a17ec31b3", "f8afcf15cc511ada719a88e013cec87c11aff7b91f019295eb4530f96fe5ef2f", "fb1bbeac803adea29cedd70781399c99138358c26d05fcbd23c13016b7f5ec65"]
typing-extensions = ["7cb407020f00f7bfc3cb3e7881628838e69d8f3fcab2f64742a5e76b2f841918", "99d4073b617d30288f569d3f13d2bd7548c3a7e4c8de87db09a9d29bb3a4a60c", "dafc7639cde7f1b6e1acc0f457842a83e722ccca8eef5270af2d74792619a89f"]
urllib3 = ["06330f386d6e4b195fbfc736b297f58c5a892e4440e54d294d7004e3a9bbea1b", "cc44da8e1145637334317feebd728bd869a35285b93cbb4cca2577da7e62db4f"]
werkzeug = ["2de2a5db0baeae7b2d2664949077c2ac63fbd16d98da0ff71837f7d1dea3fd43", "6c80b1e5ad3665290ea39320b91e1be1e0d5f60652b964a3070216de83d2e47c"]
zipp = ["3607921face881ba3e026887d8150cca609d517579abe052ac81fc5aeffdbd76", "51cb66cc54621609dd593d1787f286ee42a5c0adbb4b29abea5a63edc3e03098"]
